
Microsoft Visual Studio Solution File, Format Version 12.00
# Visual Studio 15
VisualStudioVersion = 15.0.27703.2035
MinimumVisualStudioVersion = 10.0.40219.1
Project("{FAE04EC0-301F-11D3-BF4B-00C04F79EFBC}") = "Chapter4Debugging4", "Chapter4Debugging4\Chapter4Debugging4.csproj", "{0AD1F6D3-15DD-45C2-AFB0-B84F530C78E8}"
EndProject
Global
	GlobalSection(SolutionConfigurationPlatforms) = preSolution
		Debug|Any CPU = Debug|Any CPU
		Release|Any CPU = Release|Any CPU
	EndGlobalSection
	GlobalSection(ProjectConfigurationPlatforms) = postSolution
		{0AD1F6D3-15DD-45C2-AFB0-B84F530C78E8}.Debug|Any CPU.ActiveCfg = Debug|Any CPU
		{0AD1F6D3-15DD-45C2-AFB0-B84F530C78E8}.Debug|Any CPU.Build.0 = Debug|Any CPU
		{0AD1F6D3-15DD-45C2-AFB0-B84F530C78E8}.Release|Any CPU.ActiveCfg = Release|Any CPU
		{0AD1F6D3-15DD-45C2-AFB0-B84F530C78E8}.Release|Any CPU.Build.0 = Release|Any CPU
	EndGlobalSection
	GlobalSection(SolutionProperties) = preSolution
		HideSolutionNode = FALSE
	EndGlobalSection
	GlobalSection(ExtensibilityGlobals) = postSolution
		SolutionGuid = {CF0409D3-773E-47E3-B578-AAB1F65693C5}
	EndGlobalSection
EndGlobal
