
Microsoft Visual Studio Solution File, Format Version 12.00
# Visual Studio 15
VisualStudioVersion = 15.0.27703.2035
MinimumVisualStudioVersion = 10.0.40219.1
Project("{FAE04EC0-301F-11D3-BF4B-00C04F79EFBC}") = "EvenOrOdd", "EvenOrOdd\EvenOrOdd.csproj", "{CF8BA60A-C766-4173-ACB2-C3F8D2624B29}"
EndProject
Global
	GlobalSection(SolutionConfigurationPlatforms) = preSolution
		Debug|Any CPU = Debug|Any CPU
		Release|Any CPU = Release|Any CPU
	EndGlobalSection
	GlobalSection(ProjectConfigurationPlatforms) = postSolution
		{CF8BA60A-C766-4173-ACB2-C3F8D2624B29}.Debug|Any CPU.ActiveCfg = Debug|Any CPU
		{CF8BA60A-C766-4173-ACB2-C3F8D2624B29}.Debug|Any CPU.Build.0 = Debug|Any CPU
		{CF8BA60A-C766-4173-ACB2-C3F8D2624B29}.Release|Any CPU.ActiveCfg = Release|Any CPU
		{CF8BA60A-C766-4173-ACB2-C3F8D2624B29}.Release|Any CPU.Build.0 = Release|Any CPU
	EndGlobalSection
	GlobalSection(SolutionProperties) = preSolution
		HideSolutionNode = FALSE
	EndGlobalSection
	GlobalSection(ExtensibilityGlobals) = postSolution
		SolutionGuid = {A6B70604-C664-47E6-9FD9-921B187F2FDB}
	EndGlobalSection
EndGlobal
