
Microsoft Visual Studio Solution File, Format Version 12.00
# Visual Studio 15
VisualStudioVersion = 15.0.27703.2035
MinimumVisualStudioVersion = 10.0.40219.1
Project("{FAE04EC0-301F-11D3-BF4B-00C04F79EFBC}") = "RPS", "RPS\RPS.csproj", "{13A20D31-55B3-4667-AEC9-8C95C16A23FE}"
EndProject
Global
	GlobalSection(SolutionConfigurationPlatforms) = preSolution
		Debug|Any CPU = Debug|Any CPU
		Release|Any CPU = Release|Any CPU
	EndGlobalSection
	GlobalSection(ProjectConfigurationPlatforms) = postSolution
		{13A20D31-55B3-4667-AEC9-8C95C16A23FE}.Debug|Any CPU.ActiveCfg = Debug|Any CPU
		{13A20D31-55B3-4667-AEC9-8C95C16A23FE}.Debug|Any CPU.Build.0 = Debug|Any CPU
		{13A20D31-55B3-4667-AEC9-8C95C16A23FE}.Release|Any CPU.ActiveCfg = Release|Any CPU
		{13A20D31-55B3-4667-AEC9-8C95C16A23FE}.Release|Any CPU.Build.0 = Release|Any CPU
	EndGlobalSection
	GlobalSection(SolutionProperties) = preSolution
		HideSolutionNode = FALSE
	EndGlobalSection
	GlobalSection(ExtensibilityGlobals) = postSolution
		SolutionGuid = {91A6A678-C50D-49F2-9F51-A360170B021F}
	EndGlobalSection
EndGlobal
